[[package]]
name = "abort_on_panic"
version = "1.0.0"
source = "registry+https://github.com/rust-lang/crates.io-index"

[[package]]
name = "bitflags"
version = "0.1.1"
source = "registry+https://github.com/rust-lang/crates.io-index"

[[package]]
name = "cesu8"
version = "1.1.0"
source = "registry+https://github.com/rust-lang/crates.io-index"

[[package]]
name = "duktape"
version = "0.0.1"
dependencies = [
 "abort_on_panic 1.0.0 (registry+https://github.com/rust-lang/crates.io-index)",
 "bitflags 0.1.1 (registry+https://github.com/rust-lang/crates.io-index)",
 "cesu8 1.1.0 (registry+https://github.com/rust-lang/crates.io-index)",
 "gcc 0.3.54 (registry+https://github.com/rust-lang/crates.io-index)",
 "libc 0.2.33 (registry+https://github.com/rust-lang/crates.io-index)",
 "serde 1.0.18 (registry+https://github.com/rust-lang/crates.io-index)",
]

[[package]]
name = "gcc"
version = "0.3.54"
source = "registry+https://github.com/rust-lang/crates.io-index"

[[package]]
name = "libc"
version = "0.2.33"
source = "registry+https://github.com/rust-lang/crates.io-index"

[[package]]
name = "serde"
version = "1.0.18"
source = "registry+https://github.com/rust-lang/crates.io-index"

[metadata]
"checksum abort_on_panic 1.0.0 (registry+https://github.com/rust-lang/crates.io-index)" = "9fa948f9ec9f095cc955efbe4fd00ac5774ef933cc2442562a8fe5a57c4ef919"
"checksum bitflags 0.1.1 (registry+https://github.com/rust-lang/crates.io-index)" = "2a6577517ecd0ee0934f48a7295a89aaef3e6dfafeac404f94c0b3448518ddfe"
"checksum cesu8 1.1.0 (registry+https://github.com/rust-lang/crates.io-index)" = "6d43a04d8753f35258c91f8ec639f792891f748a1edbd759cf1dcea3382ad83c"
"checksum gcc 0.3.54 (registry+https://github.com/rust-lang/crates.io-index)" = "5e33ec290da0d127825013597dbdfc28bee4964690c7ce1166cbc2a7bd08b1bb"
"checksum libc 0.2.33 (registry+https://github.com/rust-lang/crates.io-index)" = "5ba3df4dcb460b9dfbd070d41c94c19209620c191b0340b929ce748a2bcd42d2"
"checksum serde 1.0.18 (registry+https://github.com/rust-lang/crates.io-index)" = "395993cac4e3599c7c1b70a6a92d3b3f55f4443df9f0b5294e362285ad7c9ecb"
